
Microsoft Visual Studio Solution File, Format Version 12.00
# Visual Studio Version 17
VisualStudioVersion = 17.8.34004.107
MinimumVisualStudioVersion = 10.0.40219.1
Project("{8BC9CEB8-8B4A-11D0-8D11-00A0C91BC942}") = "ЛР 9 В6 №6", "ЛР 9 В6 №6\ЛР 9 В6 №6.vcxproj", "{B637E43B-073F-412E-8784-C75C7D1E8477}"
EndProject
Global
	GlobalSection(SolutionConfigurationPlatforms) = preSolution
		Debug|x64 = Debug|x64
		Debug|x86 = Debug|x86
		Release|x64 = Release|x64
		Release|x86 = Release|x86
	EndGlobalSection
	GlobalSection(ProjectConfigurationPlatforms) = postSolution
		{B637E43B-073F-412E-8784-C75C7D1E8477}.Debug|x64.ActiveCfg = Debug|x64
		{B637E43B-073F-412E-8784-C75C7D1E8477}.Debug|x64.Build.0 = Debug|x64
		{B637E43B-073F-412E-8784-C75C7D1E8477}.Debug|x86.ActiveCfg = Debug|Win32
		{B637E43B-073F-412E-8784-C75C7D1E8477}.Debug|x86.Build.0 = Debug|Win32
		{B637E43B-073F-412E-8784-C75C7D1E8477}.Release|x64.ActiveCfg = Release|x64
		{B637E43B-073F-412E-8784-C75C7D1E8477}.Release|x64.Build.0 = Release|x64
		{B637E43B-073F-412E-8784-C75C7D1E8477}.Release|x86.ActiveCfg = Release|Win32
		{B637E43B-073F-412E-8784-C75C7D1E8477}.Release|x86.Build.0 = Release|Win32
	EndGlobalSection
	GlobalSection(SolutionProperties) = preSolution
		HideSolutionNode = FALSE
	EndGlobalSection
	GlobalSection(ExtensibilityGlobals) = postSolution
		SolutionGuid = {0B0DF8FE-1CD2-4245-818D-C73029860DBE}
	EndGlobalSection
EndGlobal
