
Microsoft Visual Studio Solution File, Format Version 12.00
# Visual Studio Version 17
VisualStudioVersion = 17.8.34004.107
MinimumVisualStudioVersion = 10.0.40219.1
Project("{8BC9CEB8-8B4A-11D0-8D11-00A0C91BC942}") = "ЛР 9 № 6", "ЛР 9 № 6\ЛР 9 № 6.vcxproj", "{EF31F60B-941E-4461-9077-2A9773648B70}"
EndProject
Global
	GlobalSection(SolutionConfigurationPlatforms) = preSolution
		Debug|x64 = Debug|x64
		Debug|x86 = Debug|x86
		Release|x64 = Release|x64
		Release|x86 = Release|x86
	EndGlobalSection
	GlobalSection(ProjectConfigurationPlatforms) = postSolution
		{EF31F60B-941E-4461-9077-2A9773648B70}.Debug|x64.ActiveCfg = Debug|x64
		{EF31F60B-941E-4461-9077-2A9773648B70}.Debug|x64.Build.0 = Debug|x64
		{EF31F60B-941E-4461-9077-2A9773648B70}.Debug|x86.ActiveCfg = Debug|Win32
		{EF31F60B-941E-4461-9077-2A9773648B70}.Debug|x86.Build.0 = Debug|Win32
		{EF31F60B-941E-4461-9077-2A9773648B70}.Release|x64.ActiveCfg = Release|x64
		{EF31F60B-941E-4461-9077-2A9773648B70}.Release|x64.Build.0 = Release|x64
		{EF31F60B-941E-4461-9077-2A9773648B70}.Release|x86.ActiveCfg = Release|Win32
		{EF31F60B-941E-4461-9077-2A9773648B70}.Release|x86.Build.0 = Release|Win32
	EndGlobalSection
	GlobalSection(SolutionProperties) = preSolution
		HideSolutionNode = FALSE
	EndGlobalSection
	GlobalSection(ExtensibilityGlobals) = postSolution
		SolutionGuid = {26CDDE96-716A-4E1D-BE1C-22A0FD117C5F}
	EndGlobalSection
EndGlobal
