
Microsoft Visual Studio Solution File, Format Version 12.00
# Visual Studio Version 17
VisualStudioVersion = 17.8.34004.107
MinimumVisualStudioVersion = 10.0.40219.1
Project("{8BC9CEB8-8B4A-11D0-8D11-00A0C91BC942}") = "ЛР6 ДОП2", "ЛР6 ДОП2\ЛР6 ДОП2.vcxproj", "{0525B896-1FDF-4FE8-85FD-4E46FC7B32B3}"
EndProject
Global
	GlobalSection(SolutionConfigurationPlatforms) = preSolution
		Debug|x64 = Debug|x64
		Debug|x86 = Debug|x86
		Release|x64 = Release|x64
		Release|x86 = Release|x86
	EndGlobalSection
	GlobalSection(ProjectConfigurationPlatforms) = postSolution
		{0525B896-1FDF-4FE8-85FD-4E46FC7B32B3}.Debug|x64.ActiveCfg = Debug|x64
		{0525B896-1FDF-4FE8-85FD-4E46FC7B32B3}.Debug|x64.Build.0 = Debug|x64
		{0525B896-1FDF-4FE8-85FD-4E46FC7B32B3}.Debug|x86.ActiveCfg = Debug|Win32
		{0525B896-1FDF-4FE8-85FD-4E46FC7B32B3}.Debug|x86.Build.0 = Debug|Win32
		{0525B896-1FDF-4FE8-85FD-4E46FC7B32B3}.Release|x64.ActiveCfg = Release|x64
		{0525B896-1FDF-4FE8-85FD-4E46FC7B32B3}.Release|x64.Build.0 = Release|x64
		{0525B896-1FDF-4FE8-85FD-4E46FC7B32B3}.Release|x86.ActiveCfg = Release|Win32
		{0525B896-1FDF-4FE8-85FD-4E46FC7B32B3}.Release|x86.Build.0 = Release|Win32
	EndGlobalSection
	GlobalSection(SolutionProperties) = preSolution
		HideSolutionNode = FALSE
	EndGlobalSection
	GlobalSection(ExtensibilityGlobals) = postSolution
		SolutionGuid = {38979839-044D-41DA-A413-08B776528E0B}
	EndGlobalSection
EndGlobal
