
Microsoft Visual Studio Solution File, Format Version 12.00
# Visual Studio Version 17
VisualStudioVersion = 17.8.34004.107
MinimumVisualStudioVersion = 10.0.40219.1
Project("{8BC9CEB8-8B4A-11D0-8D11-00A0C91BC942}") = "В3", "В3\В3.vcxproj", "{74906E32-2DBC-47C7-A4A8-F638D7440CB4}"
EndProject
Global
	GlobalSection(SolutionConfigurationPlatforms) = preSolution
		Debug|x64 = Debug|x64
		Debug|x86 = Debug|x86
		Release|x64 = Release|x64
		Release|x86 = Release|x86
	EndGlobalSection
	GlobalSection(ProjectConfigurationPlatforms) = postSolution
		{74906E32-2DBC-47C7-A4A8-F638D7440CB4}.Debug|x64.ActiveCfg = Debug|x64
		{74906E32-2DBC-47C7-A4A8-F638D7440CB4}.Debug|x64.Build.0 = Debug|x64
		{74906E32-2DBC-47C7-A4A8-F638D7440CB4}.Debug|x86.ActiveCfg = Debug|Win32
		{74906E32-2DBC-47C7-A4A8-F638D7440CB4}.Debug|x86.Build.0 = Debug|Win32
		{74906E32-2DBC-47C7-A4A8-F638D7440CB4}.Release|x64.ActiveCfg = Release|x64
		{74906E32-2DBC-47C7-A4A8-F638D7440CB4}.Release|x64.Build.0 = Release|x64
		{74906E32-2DBC-47C7-A4A8-F638D7440CB4}.Release|x86.ActiveCfg = Release|Win32
		{74906E32-2DBC-47C7-A4A8-F638D7440CB4}.Release|x86.Build.0 = Release|Win32
	EndGlobalSection
	GlobalSection(SolutionProperties) = preSolution
		HideSolutionNode = FALSE
	EndGlobalSection
	GlobalSection(ExtensibilityGlobals) = postSolution
		SolutionGuid = {04F0FFB6-C128-4011-B9D5-1FCE14C5304A}
	EndGlobalSection
EndGlobal
