
Microsoft Visual Studio Solution File, Format Version 12.00
# Visual Studio Version 17
VisualStudioVersion = 17.8.34004.107
MinimumVisualStudioVersion = 10.0.40219.1
Project("{8BC9CEB8-8B4A-11D0-8D11-00A0C91BC942}") = "В5", "В5\В5.vcxproj", "{FA853367-291B-4889-BF55-D38A64B829B8}"
EndProject
Global
	GlobalSection(SolutionConfigurationPlatforms) = preSolution
		Debug|x64 = Debug|x64
		Debug|x86 = Debug|x86
		Release|x64 = Release|x64
		Release|x86 = Release|x86
	EndGlobalSection
	GlobalSection(ProjectConfigurationPlatforms) = postSolution
		{FA853367-291B-4889-BF55-D38A64B829B8}.Debug|x64.ActiveCfg = Debug|x64
		{FA853367-291B-4889-BF55-D38A64B829B8}.Debug|x64.Build.0 = Debug|x64
		{FA853367-291B-4889-BF55-D38A64B829B8}.Debug|x86.ActiveCfg = Debug|Win32
		{FA853367-291B-4889-BF55-D38A64B829B8}.Debug|x86.Build.0 = Debug|Win32
		{FA853367-291B-4889-BF55-D38A64B829B8}.Release|x64.ActiveCfg = Release|x64
		{FA853367-291B-4889-BF55-D38A64B829B8}.Release|x64.Build.0 = Release|x64
		{FA853367-291B-4889-BF55-D38A64B829B8}.Release|x86.ActiveCfg = Release|Win32
		{FA853367-291B-4889-BF55-D38A64B829B8}.Release|x86.Build.0 = Release|Win32
	EndGlobalSection
	GlobalSection(SolutionProperties) = preSolution
		HideSolutionNode = FALSE
	EndGlobalSection
	GlobalSection(ExtensibilityGlobals) = postSolution
		SolutionGuid = {33F3D029-613C-4D90-9A15-E20D98C9D02A}
	EndGlobalSection
EndGlobal
