
Microsoft Visual Studio Solution File, Format Version 12.00
# Visual Studio Version 17
VisualStudioVersion = 17.8.34004.107
MinimumVisualStudioVersion = 10.0.40219.1
Project("{8BC9CEB8-8B4A-11D0-8D11-00A0C91BC942}") = "№7", "№7\№7.vcxproj", "{AFFC9A84-4658-4EF6-8421-AF999F05D5FF}"
EndProject
Global
	GlobalSection(SolutionConfigurationPlatforms) = preSolution
		Debug|x64 = Debug|x64
		Debug|x86 = Debug|x86
		Release|x64 = Release|x64
		Release|x86 = Release|x86
	EndGlobalSection
	GlobalSection(ProjectConfigurationPlatforms) = postSolution
		{AFFC9A84-4658-4EF6-8421-AF999F05D5FF}.Debug|x64.ActiveCfg = Debug|x64
		{AFFC9A84-4658-4EF6-8421-AF999F05D5FF}.Debug|x64.Build.0 = Debug|x64
		{AFFC9A84-4658-4EF6-8421-AF999F05D5FF}.Debug|x86.ActiveCfg = Debug|Win32
		{AFFC9A84-4658-4EF6-8421-AF999F05D5FF}.Debug|x86.Build.0 = Debug|Win32
		{AFFC9A84-4658-4EF6-8421-AF999F05D5FF}.Release|x64.ActiveCfg = Release|x64
		{AFFC9A84-4658-4EF6-8421-AF999F05D5FF}.Release|x64.Build.0 = Release|x64
		{AFFC9A84-4658-4EF6-8421-AF999F05D5FF}.Release|x86.ActiveCfg = Release|Win32
		{AFFC9A84-4658-4EF6-8421-AF999F05D5FF}.Release|x86.Build.0 = Release|Win32
	EndGlobalSection
	GlobalSection(SolutionProperties) = preSolution
		HideSolutionNode = FALSE
	EndGlobalSection
	GlobalSection(ExtensibilityGlobals) = postSolution
		SolutionGuid = {12578A30-3BE6-410A-8F30-E90637164DAD}
	EndGlobalSection
EndGlobal
